<?xml version="1.0" encoding="utf-8"?>
<Project xmlns="http://schemas.microsoft.com/developer/msbuild/2003">
  <PropertyGroup>
    <ProjectGuid>{58acf41f-2ba8-4dbc-ab29-67fced6b40c6}</ProjectGuid>
    <Configuration Condition=" '$(Configuration)' == '' ">Debug</Configuration>
    <Platform Condition=" '$(Platform)' == '' ">AnyCPU</Platform>
    <DCC_DCCCompiler>DCC32</DCC_DCCCompiler>
    <DCC_DependencyCheckOutputName>ByteArrayConverter.dll</DCC_DependencyCheckOutputName>
    <MainSource>ByteArrayConverter.dpr</MainSource>
  </PropertyGroup>
  <PropertyGroup Condition=" '$(Configuration)|$(Platform)' == 'Release|AnyCPU' ">
    <Version>7.0</Version>
    <DCC_DebugInformation>False</DCC_DebugInformation>
    <DCC_LocalDebugSymbols>False</DCC_LocalDebugSymbols>
    <DCC_SymbolReferenceInfo>0</DCC_SymbolReferenceInfo>
    <DCC_Define>RELEASE</DCC_Define>
  </PropertyGroup>
  <PropertyGroup Condition=" '$(Configuration)|$(Platform)' == 'Debug|AnyCPU' ">
    <Version>7.0</Version>
    <DCC_Define>DLLONLY</DCC_Define>
    <DCC_DcuOutput>C:\DelphiTFS\Bin\DCU</DCC_DcuOutput>
    <DCC_ObjOutput>C:\DelphiTFS\Bin\DCU</DCC_ObjOutput>
    <DCC_HppOutput>C:\DelphiTFS\Bin\DCU</DCC_HppOutput>
    <DCC_UnitSearchPath>$(COMMON);$(COMMON)\Core;$(COMMON)\Core\Download;$(COMMON)\Database;$(COMMON)\Lib;$(Practice)\Authority Forms\;$(Practice)\BASForm\;$(Practice)\Bconnect\;$(Practice)\Component\;$(Practice)\Extended MAPI\;$(Practice)\Extract\;$(Practice)\Forex\;$(Practice)\Graphs\;$(Practice)\Import\;$(Practice)\Lists\;$(Practice)\Orpheus\;$(Practice)\WebNotes\;$(Practice)\Printing\;$(Practice)\Win32\;$(COMMON)\BNotes;$(COMMON)\BNotes\DataBase;$(Common)\BNotes\database\;$(Common)\BNotes\;$(Practice)\simpleUI</DCC_UnitSearchPath>
    <DCC_ResourcePath>$(COMMON);$(COMMON)\Core;$(COMMON)\Core\Download;$(COMMON)\Database;$(COMMON)\Lib;$(Practice)\Authority Forms\;$(Practice)\BASForm\;$(Practice)\Bconnect\;$(Practice)\Component\;$(Practice)\Extended MAPI\;$(Practice)\Extract\;$(Practice)\Forex\;$(Practice)\Graphs\;$(Practice)\Import\;$(Practice)\Lists\;$(Practice)\Orpheus\;$(Practice)\WebNotes\;$(Practice)\Printing\;$(Practice)\Win32\;$(COMMON)\BNotes;$(COMMON)\BNotes\DataBase;$(Common)\BNotes\database\;$(Common)\BNotes\;$(Practice)\simpleUI</DCC_ResourcePath>
    <DCC_ObjPath>$(COMMON);$(COMMON)\Core;$(COMMON)\Core\Download;$(COMMON)\Database;$(COMMON)\Lib;$(Practice)\Authority Forms\;$(Practice)\BASForm\;$(Practice)\Bconnect\;$(Practice)\Component\;$(Practice)\Extended MAPI\;$(Practice)\Extract\;$(Practice)\Forex\;$(Practice)\Graphs\;$(Practice)\Import\;$(Practice)\Lists\;$(Practice)\Orpheus\;$(Practice)\WebNotes\;$(Practice)\Printing\;$(Practice)\Win32\;$(COMMON)\BNotes;$(COMMON)\BNotes\DataBase;$(Common)\BNotes\database\;$(Common)\BNotes\;$(Practice)\simpleUI</DCC_ObjPath>
    <DCC_IncludePath>$(COMMON);$(COMMON)\Core;$(COMMON)\Core\Download;$(COMMON)\Database;$(COMMON)\Lib;$(Practice)\Authority Forms\;$(Practice)\BASForm\;$(Practice)\Bconnect\;$(Practice)\Component\;$(Practice)\Extended MAPI\;$(Practice)\Extract\;$(Practice)\Forex\;$(Practice)\Graphs\;$(Practice)\Import\;$(Practice)\Lists\;$(Practice)\Orpheus\;$(Practice)\WebNotes\;$(Practice)\Printing\;$(Practice)\Win32\;$(COMMON)\BNotes;$(COMMON)\BNotes\DataBase;$(Common)\BNotes\database\;$(Common)\BNotes\;$(Practice)\simpleUI</DCC_IncludePath>
  </PropertyGroup>
  <ProjectExtensions>
    <Borland.Personality>Delphi.Personality</Borland.Personality>
    <Borland.ProjectType />
    <BorlandProject>
<BorlandProject><Delphi.Personality><Parameters><Parameters Name="UseLauncher">False</Parameters><Parameters Name="LoadAllSymbols">True</Parameters><Parameters Name="LoadUnspecifiedSymbols">False</Parameters><Parameters Name="HostApplication">C:\Users\Ajoosten\Documents\Visual Studio 2010\Projects\RTFTest\RTFTest\bin\Debug\RTFTest.exe</Parameters></Parameters><VersionInfo><VersionInfo Name="IncludeVerInfo">True</VersionInfo><VersionInfo Name="AutoIncBuild">True</VersionInfo><VersionInfo Name="MajorVer">1</VersionInfo><VersionInfo Name="MinorVer">0</VersionInfo><VersionInfo Name="Release">0</VersionInfo><VersionInfo Name="Build">4</VersionInfo><VersionInfo Name="Debug">False</VersionInfo><VersionInfo Name="PreRelease">False</VersionInfo><VersionInfo Name="Special">False</VersionInfo><VersionInfo Name="Private">False</VersionInfo><VersionInfo Name="DLL">True</VersionInfo><VersionInfo Name="Locale">5129</VersionInfo><VersionInfo Name="CodePage">1252</VersionInfo></VersionInfo><VersionInfoKeys><VersionInfoKeys Name="CompanyName">BankLink</VersionInfoKeys><VersionInfoKeys Name="FileDescription">Download File Converter</VersionInfoKeys><VersionInfoKeys Name="FileVersion">1.0.0.4</VersionInfoKeys><VersionInfoKeys Name="InternalName">Download File Converter</VersionInfoKeys><VersionInfoKeys Name="LegalCopyright">Media Transfer Services</VersionInfoKeys><VersionInfoKeys Name="LegalTrademarks"></VersionInfoKeys><VersionInfoKeys Name="OriginalFilename">ByteArrayConverter.dll</VersionInfoKeys><VersionInfoKeys Name="ProductName">ByteArrayConverter</VersionInfoKeys><VersionInfoKeys Name="ProductVersion">1.0.0.0</VersionInfoKeys><VersionInfoKeys Name="Comments"></VersionInfoKeys></VersionInfoKeys><Source><Source Name="MainSource">ByteArrayConverter.dpr</Source></Source></Delphi.Personality></BorlandProject></BorlandProject>
  </ProjectExtensions>
  <Import Project="$(MSBuildBinPath)\Borland.Delphi.Targets" />
  <ItemGroup>
    <DelphiCompile Include="ByteArrayConverter.dpr">
      <MainSource>MainSource</MainSource>
    </DelphiCompile>
    <DCCReference Include="ArrayConverter.pas" />
    <DCCReference Include="Proctypes.pas" />
  </ItemGroup>
</Project>