<?xml version="1.0" encoding="utf-8"?>
<Project xmlns="http://schemas.microsoft.com/developer/msbuild/2003">
  <PropertyGroup>
    <ProjectGuid>{9dd598ec-7281-4345-ac93-bb1ba1a1f3e2}</ProjectGuid>
    <MainSource>BK5WIN.DPR</MainSource>
    <Configuration Condition=" '$(Configuration)' == '' ">Debug</Configuration>
    <Platform Condition=" '$(Platform)' == '' ">AnyCPU</Platform>
    <DCC_DCCCompiler>DCC32</DCC_DCCCompiler>
    <DCC_DependencyCheckOutputName>D:\Testing\TFSPractice\BK5WIN.exe</DCC_DependencyCheckOutputName>
  </PropertyGroup>
  <PropertyGroup Condition=" '$(Configuration)|$(Platform)' == 'Release|AnyCPU' ">
    <Version>7.0</Version>
    <DCC_DebugInformation>False</DCC_DebugInformation>
    <DCC_LocalDebugSymbols>False</DCC_LocalDebugSymbols>
    <DCC_SymbolReferenceInfo>0</DCC_SymbolReferenceInfo>
    <DCC_Define>RELEASE</DCC_Define>
  </PropertyGroup>
  <PropertyGroup Condition=" '$(Configuration)|$(Platform)' == 'Debug|AnyCPU' ">
    <Version>7.0</Version>
    <DCC_Define>SSLV6;madExcept;CodingStatsToXls;Debug</DCC_Define>
    <DCC_ExeOutput>D:\Testing\TFSPractice</DCC_ExeOutput>
    <DCC_DcuOutput>C:\DCUFiles\BK5</DCC_DcuOutput>
    <DCC_ObjOutput>C:\DCUFiles\BK5</DCC_ObjOutput>
    <DCC_HppOutput>C:\DCUFiles\BK5</DCC_HppOutput>
    <DCC_UnitSearchPath>$(BDS)\lib\Debug;$(BDS)\Lib\Debug\Indy10;$(COMMON);$(COMMON)\Core\;$(COMMON)\Core\Download\;$(COMMON)\Database\;$(COMMON)\Lib\;Win32\;Authority Forms\;BASForm\;bconnect\;component\;crypto\;ecoding\;ecoding\database\;Extended MAPI\;extract\;forex\;Graphs\;import\;lists\;orpheus\;printing\;WebNotes\</DCC_UnitSearchPath>
    <DCC_ResourcePath>$(BDS)\lib\Debug;$(BDS)\Lib\Debug\Indy10;$(COMMON);$(COMMON)\Core\;$(COMMON)\Core\Download\;$(COMMON)\Database\;$(COMMON)\Lib\;Win32\;Authority Forms\;BASForm\;bconnect\;component\;crypto\;ecoding\;ecoding\database\;Extended MAPI\;extract\;forex\;Graphs\;import\;lists\;orpheus\;printing\;WebNotes\</DCC_ResourcePath>
    <DCC_ObjPath>$(BDS)\lib\Debug;$(BDS)\Lib\Debug\Indy10;$(COMMON);$(COMMON)\Core\;$(COMMON)\Core\Download\;$(COMMON)\Database\;$(COMMON)\Lib\;Win32\;Authority Forms\;BASForm\;bconnect\;component\;crypto\;ecoding\;ecoding\database\;Extended MAPI\;extract\;forex\;Graphs\;import\;lists\;orpheus\;printing\;WebNotes\</DCC_ObjPath>
    <DCC_IncludePath>$(BDS)\lib\Debug;$(BDS)\Lib\Debug\Indy10;$(COMMON);$(COMMON)\Core\;$(COMMON)\Core\Download\;$(COMMON)\Database\;$(COMMON)\Lib\;Win32\;Authority Forms\;BASForm\;bconnect\;component\;crypto\;ecoding\;ecoding\database\;Extended MAPI\;extract\;forex\;Graphs\;import\;lists\;orpheus\;printing\;WebNotes\</DCC_IncludePath>
    <DCC_MapFile>3</DCC_MapFile>
    <DCC_WriteableConstants>True</DCC_WriteableConstants>
  </PropertyGroup>
  <ProjectExtensions>
    <Borland.Personality>Delphi.Personality</Borland.Personality>
    <Borland.ProjectType>VCLApplication</Borland.ProjectType>
    <BorlandProject>
<BorlandProject><Delphi.Personality><Parameters><Parameters Name="UseLauncher">False</Parameters><Parameters Name="LoadAllSymbols">True</Parameters><Parameters Name="LoadUnspecifiedSymbols">False</Parameters></Parameters><VersionInfo><VersionInfo Name="IncludeVerInfo">True</VersionInfo><VersionInfo Name="AutoIncBuild">False</VersionInfo><VersionInfo Name="MajorVer">5</VersionInfo><VersionInfo Name="MinorVer">18</VersionInfo><VersionInfo Name="Release">2</VersionInfo><VersionInfo Name="Build">0</VersionInfo><VersionInfo Name="Debug">False</VersionInfo><VersionInfo Name="PreRelease">False</VersionInfo><VersionInfo Name="Special">False</VersionInfo><VersionInfo Name="Private">False</VersionInfo><VersionInfo Name="DLL">False</VersionInfo><VersionInfo Name="Locale">5129</VersionInfo><VersionInfo Name="CodePage">1252</VersionInfo></VersionInfo><VersionInfoKeys><VersionInfoKeys Name="CompanyName">BankLink Limited</VersionInfoKeys><VersionInfoKeys Name="FileDescription">BankLink 5 for Windows® application</VersionInfoKeys><VersionInfoKeys Name="FileVersion">5.18.2.0</VersionInfoKeys><VersionInfoKeys Name="InternalName">BK5</VersionInfoKeys><VersionInfoKeys Name="LegalCopyright">(C) BankLink Limited 2010</VersionInfoKeys><VersionInfoKeys Name="LegalTrademarks">Windows® is a registered trademark of Microsoft Corporation.</VersionInfoKeys><VersionInfoKeys Name="OriginalFilename">BK5WIN.EXE</VersionInfoKeys><VersionInfoKeys Name="ProductName">BankLink 5 for Windows®</VersionInfoKeys><VersionInfoKeys Name="ProductVersion">1.0.0.0</VersionInfoKeys><VersionInfoKeys Name="Comments"></VersionInfoKeys></VersionInfoKeys><Excluded_Packages>
      
      
      
      
      
      
      
      
      
      
      
      
      
      
      
      <Excluded_Packages Name="$(BDS)\bin\dcloffice2k100.bpl">Microsoft Office 2000 Sample Automation Server Wrapper Components</Excluded_Packages>
    </Excluded_Packages><Source><Source Name="MainSource">BK5WIN.DPR</Source></Source></Delphi.Personality></BorlandProject></BorlandProject>
  </ProjectExtensions>
  <Import Project="$(MSBuildBinPath)\Borland.Delphi.Targets" />
  <ItemGroup>
    <DelphiCompile Include="BK5WIN.DPR">
      <MainSource>MainSource</MainSource>
    </DelphiCompile>
  </ItemGroup>
</Project>