<?xml version="1.0" encoding="utf-8"?>
<Project xmlns="http://schemas.microsoft.com/developer/msbuild/2003">
  <PropertyGroup>
    <ProjectGuid>{9dd598ec-7281-4345-ac93-bb1ba1a1f3e2}</ProjectGuid>
    <MainSource>BK5WIN.DPR</MainSource>
    <Configuration Condition=" '$(Configuration)' == '' ">Debug</Configuration>
    <Platform Condition=" '$(Platform)' == '' ">AnyCPU</Platform>
    <DCC_DCCCompiler>DCC32</DCC_DCCCompiler>
    <DCC_DependencyCheckOutputName>C:\Testing\BTA_NZ_5.28.0.5848_sync\BK5WIN.exe</DCC_DependencyCheckOutputName>
  </PropertyGroup>
  <PropertyGroup Condition=" '$(Configuration)|$(Platform)' == 'Release|AnyCPU' ">
    <Version>7.0</Version>
    <DCC_SymbolReferenceInfo>0</DCC_SymbolReferenceInfo>
    <DCC_Define>SSLV6;Delphi7;madExcept</DCC_Define>
    <DCC_DcuOutput>..\DCU</DCC_DcuOutput>
    <DCC_ObjOutput>..\DCU</DCC_ObjOutput>
    <DCC_HppOutput>..\DCU</DCC_HppOutput>
    <DCC_DcpOutput>..\DCU</DCC_DcpOutput>
    <DCC_UnitSearchPath>$(COMMON);$(COMMON)\Core;$(COMMON)\Core\Download;$(COMMON)\Database;$(COMMON)\Lib;Authority Forms\;BASForm\;Bconnect\;Component\;Ecoding\;Ecoding\database\;Extended MAPI\;Extract\;Forex\;Graphs\;Import\;Lists\;Orpheus\;WebNotes\;Printing\;Win32\</DCC_UnitSearchPath>
    <DCC_ResourcePath>$(COMMON);$(COMMON)\Core;$(COMMON)\Core\Download;$(COMMON)\Database;$(COMMON)\Lib;Authority Forms\;BASForm\;Bconnect\;Component\;Ecoding\;Ecoding\database\;Extended MAPI\;Extract\;Forex\;Graphs\;Import\;Lists\;Orpheus\;WebNotes\;Printing\;Win32\</DCC_ResourcePath>
    <DCC_ObjPath>$(COMMON);$(COMMON)\Core;$(COMMON)\Core\Download;$(COMMON)\Database;$(COMMON)\Lib;Authority Forms\;BASForm\;Bconnect\;Component\;Ecoding\;Ecoding\database\;Extended MAPI\;Extract\;Forex\;Graphs\;Import\;Lists\;Orpheus\;WebNotes\;Printing\;Win32\</DCC_ObjPath>
    <DCC_IncludePath>$(COMMON);$(COMMON)\Core;$(COMMON)\Core\Download;$(COMMON)\Database;$(COMMON)\Lib;Authority Forms\;BASForm\;Bconnect\;Component\;Ecoding\;Ecoding\database\;Extended MAPI\;Extract\;Forex\;Graphs\;Import\;Lists\;Orpheus\;WebNotes\;Printing\;Win32\</DCC_IncludePath>
    <DCC_ExeOutput>..\Binaries</DCC_ExeOutput>
    <DCC_BplOutput>..\Binaries</DCC_BplOutput>
    <DCC_MapFile>3</DCC_MapFile>
    <DCC_AssertionsAtRuntime>False</DCC_AssertionsAtRuntime>
    <DCC_LongStrings>False</DCC_LongStrings>
    <DCC_IOChecking>False</DCC_IOChecking>
    <DCC_Optimize>False</DCC_Optimize>
    <DCC_OpenStringParams>False</DCC_OpenStringParams>
    <DCC_StrictVarStrings>False</DCC_StrictVarStrings>
    <DCC_ExtendedSyntax>False</DCC_ExtendedSyntax>
  </PropertyGroup>
  <PropertyGroup Condition=" '$(Configuration)|$(Platform)' == 'Debug|AnyCPU' ">
    <Version>7.0</Version>
    <DCC_Define>DEBUG;Delphi7;SSLV6;GRAPHICEX;madExcept;FullDebugMode;LogMemoryLeakDetailToFile;COMPILER_7_UP</DCC_Define>
    <DCC_DcuOutput>.\dcu</DCC_DcuOutput>
    <DCC_ObjOutput>.\dcu</DCC_ObjOutput>
    <DCC_HppOutput>.\dcu</DCC_HppOutput>
    <DCC_UnitSearchPath>C:\DCU;$(BDS)\lib\Debug;$(BDS)\Lib\Debug\Indy10;$(BDS)\RaveReports\Lib;$(COMMON);$(COMMON)\BNotes;$(COMMON)\BNotes\Database;$(COMMON)\Core;$(COMMON)\Core\Download;$(COMMON)\Database;$(COMMON)\Lib;Authority Forms\;BASForm\;Bconnect\;Component\;Extended MAPI\;Extract\;Forex\;Graphs\;Import\;Lists\;Orpheus\;WebNotes\;Printing\;Win32\;SimpleUI\;C:\Components\TPerlRegEx;..\Bulk Export;$(BDS)\Source\DUnit\src;LeanEngage\</DCC_UnitSearchPath>
    <DCC_ResourcePath>C:\DCU;$(BDS)\lib\Debug;$(BDS)\Lib\Debug\Indy10;$(BDS)\RaveReports\Lib;$(COMMON);$(COMMON)\BNotes;$(COMMON)\BNotes\Database;$(COMMON)\Core;$(COMMON)\Core\Download;$(COMMON)\Database;$(COMMON)\Lib;Authority Forms\;BASForm\;Bconnect\;Component\;Extended MAPI\;Extract\;Forex\;Graphs\;Import\;Lists\;Orpheus\;WebNotes\;Printing\;Win32\;SimpleUI\;C:\Components\TPerlRegEx;..\Bulk Export;$(BDS)\Source\DUnit\src;LeanEngage\</DCC_ResourcePath>
    <DCC_ObjPath>C:\DCU;$(BDS)\lib\Debug;$(BDS)\Lib\Debug\Indy10;$(BDS)\RaveReports\Lib;$(COMMON);$(COMMON)\BNotes;$(COMMON)\BNotes\Database;$(COMMON)\Core;$(COMMON)\Core\Download;$(COMMON)\Database;$(COMMON)\Lib;Authority Forms\;BASForm\;Bconnect\;Component\;Extended MAPI\;Extract\;Forex\;Graphs\;Import\;Lists\;Orpheus\;WebNotes\;Printing\;Win32\;SimpleUI\;C:\Components\TPerlRegEx;..\Bulk Export;$(BDS)\Source\DUnit\src;LeanEngage\</DCC_ObjPath>
    <DCC_IncludePath>C:\DCU;$(BDS)\lib\Debug;$(BDS)\Lib\Debug\Indy10;$(BDS)\RaveReports\Lib;$(COMMON);$(COMMON)\BNotes;$(COMMON)\BNotes\Database;$(COMMON)\Core;$(COMMON)\Core\Download;$(COMMON)\Database;$(COMMON)\Lib;Authority Forms\;BASForm\;Bconnect\;Component\;Extended MAPI\;Extract\;Forex\;Graphs\;Import\;Lists\;Orpheus\;WebNotes\;Printing\;Win32\;SimpleUI\;C:\Components\TPerlRegEx;..\Bulk Export;$(BDS)\Source\DUnit\src;LeanEngage\</DCC_IncludePath>
    <DCC_MapFile>3</DCC_MapFile>
    <DCC_DcpOutput>..\DCU</DCC_DcpOutput>
    <DCC_WriteableConstants>True</DCC_WriteableConstants>
    <DCC_BplOutput>..\Binaries</DCC_BplOutput>
    <DCC_SymbolReferenceInfo>2</DCC_SymbolReferenceInfo>
    <DCC_ExeOutput>C:\Testing\BTA_NZ_5.28.0.5848_sync</DCC_ExeOutput>
    <DCC_DebugInfoInExe>True</DCC_DebugInfoInExe>
    <DCC_DebugVN>True</DCC_DebugVN>
    <DCC_Optimize>False</DCC_Optimize>
    <DCC_RemoteDebug>True</DCC_RemoteDebug>
    <DCC_AssertionsAtRuntime>False</DCC_AssertionsAtRuntime>
    <DCC_SYMBOL_PLATFORM>False</DCC_SYMBOL_PLATFORM>
  </PropertyGroup>
  <ProjectExtensions>
    <Borland.Personality>Delphi.Personality</Borland.Personality>
    <Borland.ProjectType>VCLApplication</Borland.ProjectType>
    <BorlandProject>
<BorlandProject><Delphi.Personality><Parameters><Parameters Name="UseLauncher">False</Parameters><Parameters Name="LoadAllSymbols">True</Parameters><Parameters Name="LoadUnspecifiedSymbols">False</Parameters></Parameters><VersionInfo><VersionInfo Name="IncludeVerInfo">True</VersionInfo><VersionInfo Name="AutoIncBuild">False</VersionInfo><VersionInfo Name="MajorVer">5</VersionInfo><VersionInfo Name="MinorVer">18</VersionInfo><VersionInfo Name="Release">2</VersionInfo><VersionInfo Name="Build">0</VersionInfo><VersionInfo Name="Debug">False</VersionInfo><VersionInfo Name="PreRelease">False</VersionInfo><VersionInfo Name="Special">False</VersionInfo><VersionInfo Name="Private">False</VersionInfo><VersionInfo Name="DLL">False</VersionInfo><VersionInfo Name="Locale">5129</VersionInfo><VersionInfo Name="CodePage">1252</VersionInfo></VersionInfo><VersionInfoKeys><VersionInfoKeys Name="CompanyName">MYOB BankLink Limited</VersionInfoKeys><VersionInfoKeys Name="FileDescription">MYOB BankLink for Windows® application</VersionInfoKeys><VersionInfoKeys Name="FileVersion">5.18.2.0</VersionInfoKeys><VersionInfoKeys Name="InternalName">BK5</VersionInfoKeys><VersionInfoKeys Name="LegalCopyright">© 2015 MYOB Technology Pty Ltd</VersionInfoKeys><VersionInfoKeys Name="LegalTrademarks">Windows® is a registered trademark of Microsoft Corporation.</VersionInfoKeys><VersionInfoKeys Name="OriginalFilename">BK5WIN.EXE</VersionInfoKeys><VersionInfoKeys Name="ProductName">MYOB BankLink for Windows®</VersionInfoKeys><VersionInfoKeys Name="ProductVersion">1.0.0.0</VersionInfoKeys><VersionInfoKeys Name="Comments"></VersionInfoKeys></VersionInfoKeys><Excluded_Packages>
      
      
      
      
      
      
      
      
      
      
      
      
      
      
      
      
      
      
      
      
      
      
      
      
      
      
      
      
      
      
      
      
      
      
      
      
      
      
      
      
      
      
      
      
      
      
      
      
      
      
      
      
      
      
      
      
      
      
      
      
      
      
      
      
      
      
      
      
      
      
      
      
      
      
      
      
      
      
      
      
      
      
      
      
      
      
      
      
      
      
      
      
      
      
      
      
      
      
      
      
      
      
      
      
      
      
      
      
      
      
      
      
      
      
      
      
      
      
      
      
      
      
      
      
      
      
      
      
      
      
      
      
      
      
      
      
      
      
      
      
      
      
      
      
      
      
      
      
      
      
      
      
      
      
      
      
      
      
      
      
      
      
      
      
      
      
      
      
      
      
      
      
      
      
      
      
      
      
      
      
      
      
      
      
      
      
      
      
      
      
      
      
      
      
      
      
      
      
      
      
      
      
      
      
      
      
      
      
      
      
      
      
      
      
      
      
      
      
      
      
      
      
      
      
      <Excluded_Packages Name="C:\Users\Public\Documents\RAD Studio\5.0\Bpl\VirtualTreesD9.bpl">Virtual Treeview run time package</Excluded_Packages>
      <Excluded_Packages Name="C:\Users\Public\Documents\RAD Studio\5.0\Bpl\S403_d70.bpl">TurboPower SysTools 4.03 Design-time package - VCL70</Excluded_Packages>
      <Excluded_Packages Name="$(BDS)\bin\dcloffice2k100.bpl">Microsoft Office 2000 Sample Automation Server Wrapper Components</Excluded_Packages>
      <Excluded_Packages Name="$(BDS)\bin\dclofficexp100.bpl">Microsoft Office XP Sample Automation Server Wrapper Components</Excluded_Packages>
    </Excluded_Packages><Source><Source Name="MainSource">BK5WIN.DPR</Source></Source></Delphi.Personality></BorlandProject></BorlandProject>
  </ProjectExtensions>
  <Import Project="$(MSBuildBinPath)\Borland.Delphi.Targets" />
  <ItemGroup>
    <DelphiCompile Include="BK5WIN.DPR">
      <MainSource>MainSource</MainSource>
    </DelphiCompile>
    <DCCReference Include="..\Bulk Export\ExtractHelpers.pas" />
    <DCCReference Include="Authority Forms\ImportCAFfrm.pas">
      <Form>frmImportCAF</Form>
    </DCCReference>
    <DCCReference Include="Authority Forms\NewCAFfrm.pas">
      <Form>frmNewCAF</Form>
    </DCCReference>
    <DCCReference Include="Authority Forms\SelectInstitutionfrm.pas">
      <Form>frmSelectInstitution</Form>
    </DCCReference>
    <DCCReference Include="C:\Users\tony.kelly\Documents\RAD Studio\5.0\Imports\SHDocVw_TLB.pas" />
    <DCCReference Include="Extract\AcclipseX.pas" />
    <DCCReference Include="Win32" />
    <DCCReference Include="Win32\AccountSelectorFme.pas">
      <Form>fmeAccountSelector</Form>
      <DesignClass>TFrame</DesignClass>
    </DCCReference>
    <DCCReference Include="Win32\acList32.pas" />
    <DCCReference Include="Win32\amList32.pas" />
    <DCCReference Include="Win32\ApplicationStartupAndShutDown.pas" />
    <DCCReference Include="Win32\AppUserObj.pas" />
    <DCCReference Include="Win32\BALIST32.PAS" />
    <DCCReference Include="Win32\BankLinkOnline.pas" />
    <DCCReference Include="Win32\BanklinkOnlineSettingsFrm.pas">
      <Form>frmBanklinkOnlineSettings</Form>
    </DCCReference>
    <DCCReference Include="Win32\BAOBJ32.PAS" />
    <DCCReference Include="Win32\BDLIST32.PAS" />
    <DCCReference Include="Win32\BKAuditValues.pas" />
    <DCCReference Include="Win32\bkBranding.pas" />
    <DCCReference Include="Win32\BKHelp.pas" />
    <DCCReference Include="Win32\BLLIST32.PAS" />
    <DCCReference Include="Win32\BlopiClient.pas" />
    <DCCReference Include="Win32\BudgetFrm.pas">
      <Form>frmBudget</Form>
    </DCCReference>
    <DCCReference Include="Win32\BULIST32.PAS" />
    <DCCReference Include="Win32\CashbookMigration.pas" />
    <DCCReference Include="Win32\CashbookMigrationRestData.pas" />
    <DCCReference Include="Win32\CashbookWarningFrm.pas">
      <Form>FrmCashbookWarning</Form>
    </DCCReference>
    <DCCReference Include="Win32\CFLIST32.PAS" />
    <DCCReference Include="Win32\CHLIST32.PAS" />
    <DCCReference Include="Win32\ClientLookupFme.pas">
      <Form>fmeClientLookup</Form>
      <DesignClass>TFrame</DesignClass>
    </DCCReference>
    <DCCReference Include="Win32\ClientSelectFme.pas">
      <Form>FmeClientSelect</Form>
      <DesignClass>TFrame</DesignClass>
    </DCCReference>
    <DCCReference Include="Win32\CLOBJ32.PAS" />
    <DCCReference Include="Win32\CodingStatsList32.pas" />
    <DCCReference Include="Win32\ctypelist32.pas" />
    <DCCReference Include="Win32\DateSelectorFme.pas">
      <Form>fmeDateSelector</Form>
      <DesignClass>TFrame</DesignClass>
    </DCCReference>
    <DCCReference Include="Win32\DivisionSelectorFme.pas">
      <Form>fmeDivisionSelector</Form>
      <DesignClass>TFrame</DesignClass>
    </DCCReference>
    <DCCReference Include="Win32\DLLIST32.PAS" />
    <DCCReference Include="Win32\ECodingExportFme.pas">
      <Form>fmeECodingExport</Form>
      <DesignClass>TFrame</DesignClass>
    </DCCReference>
    <DCCReference Include="Win32\ExchangeGainLoss.pas" />
    <DCCReference Include="Win32\ExistingChequesFme.pas">
      <Form>fmeExistingCheques</Form>
      <DesignClass>TFrame</DesignClass>
    </DCCReference>
    <DCCReference Include="Win32\ForeignCurrencyBalDlg.pas">
      <Form>frmForeignCurrencyBal</Form>
    </DCCReference>
    <DCCReference Include="Win32\GainLossfrm.pas">
      <Form>frmGainLoss</Form>
    </DCCReference>
    <DCCReference Include="Win32\GlobalDirectories.pas" />
    <DCCReference Include="Win32\GLOBALS.PAS" />
    <DCCReference Include="Win32\grplist32.pas" />
    <DCCReference Include="Win32\imagesfrm.pas">
      <Form>AppImages</Form>
    </DCCReference>
    <DCCReference Include="Win32\INISettings.pas" />
    <DCCReference Include="Win32\LOGUTIL.PAS" />
    <DCCReference Include="Win32\MAINFRM.PAS">
      <Form>frmMain</Form>
    </DCCReference>
    <DCCReference Include="Win32\MALIST32.PAS" />
    <DCCReference Include="Win32\mcList32.pas" />
    <DCCReference Include="Win32\msObj32.pas" />
    <DCCReference Include="Win32\MXLIST32.PAS" />
    <DCCReference Include="Win32\ONEINST.PAS" />
    <DCCReference Include="Win32\OSFont.pas" />
    <DCCReference Include="Win32\peList32.pas" />
    <DCCReference Include="Win32\PercentageCalculationFrm.pas">
      <Form>frmPercentageCalculation</Form>
    </DCCReference>
    <DCCReference Include="Win32\PYLIST32.PAS" />
    <DCCReference Include="Win32\RTFEditFme.pas">
      <Form>fmeEditRTF</Form>
      <DesignClass>TFrame</DesignClass>
    </DCCReference>
    <DCCReference Include="Win32\SBAList32.pas" />
    <DCCReference Include="Win32\smList32.pas" />
    <DCCReference Include="Win32\smObj32.pas" />
    <DCCReference Include="Win32\SPLASH.PAS">
      <Form>frmSplash</Form>
    </DCCReference>
    <DCCReference Include="Win32\StatusFrm.pas">
      <Form>frmStatus</Form>
    </DCCReference>
    <DCCReference Include="Win32\SuggestedMems.pas" />
    <DCCReference Include="Win32\SysAccountsfme.pas">
      <Form>fmeSysAccounts</Form>
      <DesignClass>TFrame</DesignClass>
    </DCCReference>
    <DCCReference Include="Win32\SysDList32.pas" />
    <DCCReference Include="Win32\SYSOBJ32.PAS" />
    <DCCReference Include="Win32\ThirdPartyHelper.pas" />
    <DCCReference Include="Win32\trxList32.pas" />
    <DCCReference Include="Win32\tsList32.pas" />
    <DCCReference Include="Win32\tsObj32.pas" />
    <DCCReference Include="Win32\UELIST32.PAS" />
    <DCCReference Include="Win32\usrlist32.pas" />
  </ItemGroup>
</Project>