<?xml version="1.0" encoding="utf-8"?>
<Project xmlns="http://schemas.microsoft.com/developer/msbuild/2003">
  <PropertyGroup>
    <ProjectGuid>{c7738803-4688-4f32-aefb-e472b7de517a}</ProjectGuid>
    <MainSource>DBGen.dpr</MainSource>
    <Configuration Condition=" '$(Configuration)' == '' ">Debug</Configuration>
    <Platform Condition=" '$(Platform)' == '' ">AnyCPU</Platform>
    <DCC_DCCCompiler>DCC32</DCC_DCCCompiler>
    <DCC_DependencyCheckOutputName>..\Database\DBGen.exe</DCC_DependencyCheckOutputName>
  </PropertyGroup>
  <PropertyGroup Condition=" '$(Configuration)|$(Platform)' == 'Release|AnyCPU' ">
    <Version>7.0</Version>
    <DCC_DebugInformation>False</DCC_DebugInformation>
    <DCC_LocalDebugSymbols>False</DCC_LocalDebugSymbols>
    <DCC_SymbolReferenceInfo>0</DCC_SymbolReferenceInfo>
    <DCC_Define>RELEASE</DCC_Define>
  </PropertyGroup>
  <PropertyGroup Condition=" '$(Configuration)|$(Platform)' == 'Debug|AnyCPU' ">
    <Version>7.0</Version>
    <DCC_Define>DEBUG</DCC_Define>
    <DCC_UnitSearchPath>$(BDS)\lib\Debug;$(BDS)\Lib\Debug\Indy10;$(BDS)\RaveReports\Lib;C:\Program Files (x86)\Steema Software\TeeChart 2013 for Delphi 2007\Delphi11\Lib;..\..\Components\SysTools</DCC_UnitSearchPath>
    <DCC_ResourcePath>$(BDS)\lib\Debug;$(BDS)\Lib\Debug\Indy10;$(BDS)\RaveReports\Lib;C:\Program Files (x86)\Steema Software\TeeChart 2013 for Delphi 2007\Delphi11\Lib;..\..\Components\SysTools</DCC_ResourcePath>
    <DCC_ObjPath>$(BDS)\lib\Debug;$(BDS)\Lib\Debug\Indy10;$(BDS)\RaveReports\Lib;C:\Program Files (x86)\Steema Software\TeeChart 2013 for Delphi 2007\Delphi11\Lib;..\..\Components\SysTools</DCC_ObjPath>
    <DCC_IncludePath>$(BDS)\lib\Debug;$(BDS)\Lib\Debug\Indy10;$(BDS)\RaveReports\Lib;C:\Program Files (x86)\Steema Software\TeeChart 2013 for Delphi 2007\Delphi11\Lib;..\..\Components\SysTools</DCC_IncludePath>
    <DCC_ExeOutput>..\Database</DCC_ExeOutput>
    <DCC_DcuOutput>.</DCC_DcuOutput>
    <DCC_ObjOutput>.</DCC_ObjOutput>
    <DCC_HppOutput>.</DCC_HppOutput>
    <DCC_Optimize>False</DCC_Optimize>
  </PropertyGroup>
  <ProjectExtensions>
    <Borland.Personality>Delphi.Personality</Borland.Personality>
    <Borland.ProjectType>VCLApplication</Borland.ProjectType>
    <BorlandProject>
<BorlandProject><Delphi.Personality><Parameters><Parameters Name="UseLauncher">False</Parameters><Parameters Name="LoadAllSymbols">True</Parameters><Parameters Name="LoadUnspecifiedSymbols">False</Parameters>  <Parameters Name="RunParams"> bk.txt</Parameters>
    </Parameters><VersionInfo><VersionInfo Name="IncludeVerInfo">False</VersionInfo><VersionInfo Name="AutoIncBuild">False</VersionInfo><VersionInfo Name="MajorVer">1</VersionInfo><VersionInfo Name="MinorVer">0</VersionInfo><VersionInfo Name="Release">0</VersionInfo><VersionInfo Name="Build">0</VersionInfo><VersionInfo Name="Debug">False</VersionInfo><VersionInfo Name="PreRelease">False</VersionInfo><VersionInfo Name="Special">False</VersionInfo><VersionInfo Name="Private">False</VersionInfo><VersionInfo Name="DLL">False</VersionInfo><VersionInfo Name="Locale">5129</VersionInfo><VersionInfo Name="CodePage">1252</VersionInfo></VersionInfo><VersionInfoKeys><VersionInfoKeys Name="CompanyName"></VersionInfoKeys><VersionInfoKeys Name="FileDescription"></VersionInfoKeys><VersionInfoKeys Name="FileVersion">1.0.0.0</VersionInfoKeys><VersionInfoKeys Name="InternalName"></VersionInfoKeys><VersionInfoKeys Name="LegalCopyright"></VersionInfoKeys><VersionInfoKeys Name="LegalTrademarks"></VersionInfoKeys><VersionInfoKeys Name="OriginalFilename"></VersionInfoKeys><VersionInfoKeys Name="ProductName"></VersionInfoKeys><VersionInfoKeys Name="ProductVersion">1.0.0.0</VersionInfoKeys><VersionInfoKeys Name="Comments"></VersionInfoKeys></VersionInfoKeys><Excluded_Packages>
      
      
      
      
      
      
      
      
      
      
      
      
      
      
      
      
      
      
      
      
      
      
      
      
      
      
      
      
      
      
      
      
      
      
      <Excluded_Packages Name="$(BDS)\bin\bcboffice2k100.bpl">CodeGear C++Builder Office 2000 Servers Package</Excluded_Packages>
      <Excluded_Packages Name="$(BDS)\bin\bcbofficexp100.bpl">CodeGear C++Builder Office XP Servers Package</Excluded_Packages>
      <Excluded_Packages Name="$(BDS)\bin\dcloffice2k100.bpl">Microsoft Office 2000 Sample Automation Server Wrapper Components</Excluded_Packages>
      <Excluded_Packages Name="$(BDS)\bin\dclofficexp100.bpl">Microsoft Office XP Sample Automation Server Wrapper Components</Excluded_Packages>
      <Excluded_Packages Name="C:\Program Files (x86)\Gnostice\PDFtoolkit VCL\Lib\RAD2007\DCLgtPDFkitD2007ProP.bpl">File C:\Program Files (x86)\Gnostice\PDFtoolkit VCL\Lib\RAD2007\DCLgtPDFkitD2007ProP.bpl not found</Excluded_Packages>
      <Excluded_Packages Name="C:\Program Files (x86)\Steema Software\TeeChart 2013 for Delphi 2007\Delphi11\Bin\DclTeePro911.bpl">TeeChart Pro 2012 Components</Excluded_Packages>
    </Excluded_Packages><Source><Source Name="MainSource">DBGen.dpr</Source></Source></Delphi.Personality></BorlandProject></BorlandProject>
  </ProjectExtensions>
  <Import Project="$(MSBuildBinPath)\Borland.Delphi.Targets" />
  <ItemGroup>
    <DelphiCompile Include="DBGen.dpr">
      <MainSource>MainSource</MainSource>
    </DelphiCompile>
    <DCCReference Include="DBAUDIT.PAS" />
    <DCCReference Include="DBCRC.pas" />
    <DCCReference Include="DBFree.pas" />
    <DCCReference Include="DBIO.PAS" />
    <DCCReference Include="DBMISC.PAS" />
    <DCCReference Include="DBObj.pas" />
    <DCCReference Include="DBREAD.PAS" />
    <DCCReference Include="DBRV.PAS" />
    <DCCReference Include="DBTOKENS.PAS" />
    <DCCReference Include="DBUNITS.PAS" />
    <DCCReference Include="DBWRITE.PAS" />
    <DCCReference Include="DBWV.PAS" />
    <DCCReference Include="XMLWrite.pas" />
  </ItemGroup>
</Project>