<Project xmlns="http://schemas.microsoft.com/developer/msbuild/2003">
  <PropertyGroup>
    <ProjectGuid>{c04e6a2a-0a27-430a-810b-68d5e947c1d5}</ProjectGuid>
    <MainSource>BOOKSSETUP.DPR</MainSource>
    <Configuration Condition=" '$(Configuration)' == '' ">Debug</Configuration>
    <Platform Condition=" '$(Platform)' == '' ">AnyCPU</Platform>
    <DCC_DCCCompiler>DCC32</DCC_DCCCompiler>
    <DCC_DependencyCheckOutputName>D:\Testing\BankLink CD\Test\Practice_Beta_5.20.0.4036\CD Files\BOOKSSETUP.exe</DCC_DependencyCheckOutputName>
  </PropertyGroup>
  <PropertyGroup Condition=" '$(Configuration)|$(Platform)' == 'Release|AnyCPU' ">
    <Version>7.0</Version>
    <DCC_DebugInformation>False</DCC_DebugInformation>
    <DCC_WriteableConstants>True</DCC_WriteableConstants>
    <DCC_LocalDebugSymbols>False</DCC_LocalDebugSymbols>
    <DCC_SymbolReferenceInfo>0</DCC_SymbolReferenceInfo>
    <DCC_UnitSearchPath>C:\Delphi Components\FlatStyle</DCC_UnitSearchPath>
    <DCC_ResourcePath>C:\Delphi Components\FlatStyle</DCC_ResourcePath>
    <DCC_ObjPath>C:\Delphi Components\FlatStyle</DCC_ObjPath>
    <DCC_IncludePath>C:\Delphi Components\FlatStyle</DCC_IncludePath>
    <DCC_Define>RELEASE</DCC_Define>
  </PropertyGroup>
  <PropertyGroup Condition=" '$(Configuration)|$(Platform)' == 'Debug|AnyCPU' ">
    <Version>7.0</Version>
    <DCC_WriteableConstants>True</DCC_WriteableConstants>
    <DCC_UnitSearchPath>C:\Delphi Components\FlatStyle</DCC_UnitSearchPath>
    <DCC_ResourcePath>C:\Delphi Components\FlatStyle</DCC_ResourcePath>
    <DCC_ObjPath>C:\Delphi Components\FlatStyle</DCC_ObjPath>
    <DCC_IncludePath>C:\Delphi Components\FlatStyle</DCC_IncludePath>
    <DCC_Define>DEBUG</DCC_Define>
    <DCC_ExeOutput>D:\Testing\BankLink CD\Test\Practice_Beta_5.20.0.4036\CD Files</DCC_ExeOutput>
  </PropertyGroup>
  <ProjectExtensions>
    <Borland.Personality>Delphi.Personality</Borland.Personality>
    <Borland.ProjectType />
    <BorlandProject>
<BorlandProject xmlns=""> <Delphi.Personality>   <Parameters>
      <Parameters Name="UseLauncher">False</Parameters>
      <Parameters Name="LoadAllSymbols">True</Parameters>
      <Parameters Name="LoadUnspecifiedSymbols">False</Parameters>
    </Parameters>
    <Language>
      <Language Name="ProjectLang">$00001409</Language>
    </Language>
    <VersionInfo>
      <VersionInfo Name="IncludeVerInfo">True</VersionInfo>
      <VersionInfo Name="AutoIncBuild">False</VersionInfo>
      <VersionInfo Name="MajorVer">1</VersionInfo>
      <VersionInfo Name="MinorVer">4</VersionInfo>
      <VersionInfo Name="Release">0</VersionInfo>
      <VersionInfo Name="Build">8</VersionInfo>
      <VersionInfo Name="Debug">False</VersionInfo>
      <VersionInfo Name="PreRelease">False</VersionInfo>
      <VersionInfo Name="Special">False</VersionInfo>
      <VersionInfo Name="Private">False</VersionInfo>
      <VersionInfo Name="DLL">False</VersionInfo>
      <VersionInfo Name="Locale">5129</VersionInfo>
      <VersionInfo Name="CodePage">1252</VersionInfo>
    </VersionInfo>
    <VersionInfoKeys>
      <VersionInfoKeys Name="CompanyName">BankLink Limited</VersionInfoKeys>
      <VersionInfoKeys Name="FileDescription">BankLink Setup Launcher</VersionInfoKeys>
      <VersionInfoKeys Name="FileVersion">1.4.0.8</VersionInfoKeys>
      <VersionInfoKeys Name="InternalName">CDSETUP.EXE</VersionInfoKeys>
      <VersionInfoKeys Name="LegalCopyright">(C) BankLink Ltd 2000, 2002</VersionInfoKeys>
      <VersionInfoKeys Name="LegalTrademarks"></VersionInfoKeys>
      <VersionInfoKeys Name="OriginalFilename"></VersionInfoKeys>
      <VersionInfoKeys Name="ProductName"></VersionInfoKeys>
      <VersionInfoKeys Name="ProductVersion">1.2</VersionInfoKeys>
    </VersionInfoKeys>
    <Source>
      <Source Name="MainSource">BOOKSSETUP.DPR</Source>
    </Source>
  </Delphi.Personality> </BorlandProject></BorlandProject>
  </ProjectExtensions>
  <ItemGroup />
  <ItemGroup>
    <DelphiCompile Include="BOOKSSETUP.DPR">
      <MainSource>MainSource</MainSource>
    </DelphiCompile>
    <DCCReference Include="MainFrm.pas">
      <Form>frmMain</Form>
    </DCCReference>
  </ItemGroup>
  <Import Project="$(MSBuildBinPath)\Borland.Delphi.Targets" />
</Project>