<?xml version="1.0" encoding="utf-8"?>
<Project xmlns="http://schemas.microsoft.com/developer/msbuild/2003">
  <PropertyGroup>
    <ProjectGuid>{c469b5cc-71f2-4288-b4ff-6d919e0fa020}</ProjectGuid>
    <Configuration Condition=" '$(Configuration)' == '' ">Debug</Configuration>
    <Platform Condition=" '$(Platform)' == '' ">AnyCPU</Platform>
    <DCC_DCCCompiler>DCC32</DCC_DCCCompiler>
    <DCC_DependencyCheckOutputName>C:\Users\Ajoosten\Documents\Visual Studio 2010\Projects\WpfApplication1\WpfApplication1\bin\Debug\BooksTokenIO.dll</DCC_DependencyCheckOutputName>
    <MainSource>BooksTokenIO.dpr</MainSource>
  </PropertyGroup>
  <PropertyGroup Condition=" '$(Configuration)|$(Platform)' == 'Release|AnyCPU' ">
    <Version>7.0</Version>
    <DCC_DebugInformation>False</DCC_DebugInformation>
    <DCC_LocalDebugSymbols>False</DCC_LocalDebugSymbols>
    <DCC_SymbolReferenceInfo>0</DCC_SymbolReferenceInfo>
    <DCC_Define>RELEASE</DCC_Define>
  </PropertyGroup>
  <PropertyGroup Condition=" '$(Configuration)|$(Platform)' == 'Debug|AnyCPU' ">
    <Version>7.0</Version>
    <DCC_Define>SSLV6;DllOnly</DCC_Define>
    <DCC_ExeOutput>C:\Users\Ajoosten\Documents\Visual Studio 2010\Projects\WpfApplication1\WpfApplication1\bin\Debug</DCC_ExeOutput>
    <DCC_UnitSearchPath>$(COMMON)\Database;$(PRACTICE)\win32;$(Practice)\Lists\;$(COMMON)\Core;$(COMMON)\lib;$(Practice)\forex;$(PRACTICE)\BConnect;$(COMMON)\Core\download;$(Practice)\webNotes;$(Practice)\printing;$(Practice)\graphs;$(PRACTICE)\extended mapi\;$(COMMON)\BNotes;$(COMMON)\BNotes\database;$(Practice)\Authority forms\;$(Practice)\basform;$(Practice)\import;$(Practice)\simpleUI;$(Practice)\Extract;$(Practice)\component;$(Practice)\Orpheus\</DCC_UnitSearchPath>
    <DCC_ResourcePath>$(COMMON)\Database;$(PRACTICE)\win32;$(Practice)\Lists\;$(COMMON)\Core;$(COMMON)\lib;$(Practice)\forex;$(PRACTICE)\BConnect;$(COMMON)\Core\download;$(Practice)\webNotes;$(Practice)\printing;$(Practice)\graphs;$(PRACTICE)\extended mapi\;$(COMMON)\BNotes;$(COMMON)\BNotes\database;$(Practice)\Authority forms\;$(Practice)\basform;$(Practice)\import;$(Practice)\simpleUI;$(Practice)\Extract;$(Practice)\component;$(Practice)\Orpheus\</DCC_ResourcePath>
    <DCC_ObjPath>$(COMMON)\Database;$(PRACTICE)\win32;$(Practice)\Lists\;$(COMMON)\Core;$(COMMON)\lib;$(Practice)\forex;$(PRACTICE)\BConnect;$(COMMON)\Core\download;$(Practice)\webNotes;$(Practice)\printing;$(Practice)\graphs;$(PRACTICE)\extended mapi\;$(COMMON)\BNotes;$(COMMON)\BNotes\database;$(Practice)\Authority forms\;$(Practice)\basform;$(Practice)\import;$(Practice)\simpleUI;$(Practice)\Extract;$(Practice)\component;$(Practice)\Orpheus\</DCC_ObjPath>
    <DCC_IncludePath>$(COMMON)\Database;$(PRACTICE)\win32;$(Practice)\Lists\;$(COMMON)\Core;$(COMMON)\lib;$(Practice)\forex;$(PRACTICE)\BConnect;$(COMMON)\Core\download;$(Practice)\webNotes;$(Practice)\printing;$(Practice)\graphs;$(PRACTICE)\extended mapi\;$(COMMON)\BNotes;$(COMMON)\BNotes\database;$(Practice)\Authority forms\;$(Practice)\basform;$(Practice)\import;$(Practice)\simpleUI;$(Practice)\Extract;$(Practice)\component;$(Practice)\Orpheus\</DCC_IncludePath>
    <DCC_WriteableConstants>True</DCC_WriteableConstants>
    <DCC_DcuOutput>E:\DelphiTFS\DCU</DCC_DcuOutput>
    <DCC_ObjOutput>E:\DelphiTFS\DCU</DCC_ObjOutput>
    <DCC_HppOutput>E:\DelphiTFS\DCU</DCC_HppOutput>
  </PropertyGroup>
  <ProjectExtensions>
    <Borland.Personality>Delphi.Personality</Borland.Personality>
    <Borland.ProjectType />
    <BorlandProject>
<BorlandProject><Delphi.Personality><Parameters><Parameters Name="UseLauncher">False</Parameters><Parameters Name="LoadAllSymbols">True</Parameters><Parameters Name="LoadUnspecifiedSymbols">False</Parameters><Parameters Name="HostApplication">C:\Users\Ajoosten\Documents\Visual Studio 2010\Projects\WpfApplication1\WpfApplication1\bin\Debug\WpfApplication1.exe</Parameters></Parameters><VersionInfo><VersionInfo Name="IncludeVerInfo">True</VersionInfo><VersionInfo Name="AutoIncBuild">True</VersionInfo><VersionInfo Name="MajorVer">1</VersionInfo><VersionInfo Name="MinorVer">0</VersionInfo><VersionInfo Name="Release">0</VersionInfo><VersionInfo Name="Build">1</VersionInfo><VersionInfo Name="Debug">False</VersionInfo><VersionInfo Name="PreRelease">False</VersionInfo><VersionInfo Name="Special">False</VersionInfo><VersionInfo Name="Private">False</VersionInfo><VersionInfo Name="DLL">False</VersionInfo><VersionInfo Name="Locale">5129</VersionInfo><VersionInfo Name="CodePage">1252</VersionInfo></VersionInfo><VersionInfoKeys><VersionInfoKeys Name="CompanyName">Media Transfer Services ltd.</VersionInfoKeys><VersionInfoKeys Name="FileDescription"></VersionInfoKeys><VersionInfoKeys Name="FileVersion">1.0.0.1</VersionInfoKeys><VersionInfoKeys Name="InternalName">Token Books IO</VersionInfoKeys><VersionInfoKeys Name="LegalCopyright">Media Transfer Services</VersionInfoKeys><VersionInfoKeys Name="LegalTrademarks">Banklink</VersionInfoKeys><VersionInfoKeys Name="OriginalFilename"></VersionInfoKeys><VersionInfoKeys Name="ProductName"></VersionInfoKeys><VersionInfoKeys Name="ProductVersion">1.0.0.0</VersionInfoKeys><VersionInfoKeys Name="Comments"></VersionInfoKeys></VersionInfoKeys><Source><Source Name="MainSource">BooksTokenIO.dpr</Source></Source></Delphi.Personality></BorlandProject></BorlandProject>
  </ProjectExtensions>
  <Import Project="$(MSBuildBinPath)\Borland.Delphi.Targets" />
  <ItemGroup>
    <DelphiCompile Include="BooksTokenIO.dpr">
      <MainSource>MainSource</MainSource>
    </DelphiCompile>
    <DCCReference Include="Logger.pas" />
    <DCCReference Include="TokenImportExport.pas" />
    <DCCReference Include="TokenProcTypes.pas" />
  </ItemGroup>
</Project>