<?xml version="1.0" encoding="utf-8"?>
<Project xmlns="http://schemas.microsoft.com/developer/msbuild/2003">
  <PropertyGroup>
    <ProjectGuid>{1ce99432-aa79-4b4f-86d3-ab89da0e6f5c}</ProjectGuid>
    <MainSource>bk5testconsole.dpr</MainSource>
    <Configuration Condition=" '$(Configuration)' == '' ">Debug</Configuration>
    <Platform Condition=" '$(Platform)' == '' ">AnyCPU</Platform>
    <DCC_DCCCompiler>DCC32</DCC_DCCCompiler>
    <DCC_DependencyCheckOutputName>C:\Testing\Practice Unit Tests\bk5testconsole.exe</DCC_DependencyCheckOutputName>
  </PropertyGroup>
  <PropertyGroup Condition=" '$(Configuration)|$(Platform)' == 'Release|AnyCPU' ">
    <Version>7.0</Version>
    <DCC_DebugInformation>False</DCC_DebugInformation>
    <DCC_LocalDebugSymbols>False</DCC_LocalDebugSymbols>
    <DCC_SymbolReferenceInfo>0</DCC_SymbolReferenceInfo>
    <DCC_Define>RELEASE</DCC_Define>
    <DCC_ExeOutput>..\..\Binaries</DCC_ExeOutput>
    <DCC_DcuOutput>..\..\DCU</DCC_DcuOutput>
    <DCC_ObjOutput>..\..\DCU</DCC_ObjOutput>
    <DCC_HppOutput>..\..\DCU</DCC_HppOutput>
    <DCC_BplOutput>..\Binaries</DCC_BplOutput>
    <DCC_DcpOutput>..\DCU</DCC_DcpOutput>
    <DCC_UnitSearchPath>..\Authority Forms\;..\BASForm\;..\Bconnect\;..\Component\;..\Crypto\;..\Ecoding\;..\Ecoding\database\;..\Extended MAPI\;..\Extract\;..\Forex\;..\Graphs\;..\Import\;..\Lists\;..\Orpheus\;..\Printing\;..\WebNotes\;..\Win32\</DCC_UnitSearchPath>
    <DCC_ResourcePath>..\Authority Forms\;..\BASForm\;..\Bconnect\;..\Component\;..\Crypto\;..\Ecoding\;..\Ecoding\database\;..\Extended MAPI\;..\Extract\;..\Forex\;..\Graphs\;..\Import\;..\Lists\;..\Orpheus\;..\Printing\;..\WebNotes\;..\Win32\</DCC_ResourcePath>
    <DCC_ObjPath>..\Authority Forms\;..\BASForm\;..\Bconnect\;..\Component\;..\Crypto\;..\Ecoding\;..\Ecoding\database\;..\Extended MAPI\;..\Extract\;..\Forex\;..\Graphs\;..\Import\;..\Lists\;..\Orpheus\;..\Printing\;..\WebNotes\;..\Win32\</DCC_ObjPath>
    <DCC_IncludePath>..\Authority Forms\;..\BASForm\;..\Bconnect\;..\Component\;..\Crypto\;..\Ecoding\;..\Ecoding\database\;..\Extended MAPI\;..\Extract\;..\Forex\;..\Graphs\;..\Import\;..\Lists\;..\Orpheus\;..\Printing\;..\WebNotes\;..\Win32\</DCC_IncludePath>
  </PropertyGroup>
  <PropertyGroup Condition=" '$(Configuration)|$(Platform)' == 'Debug|AnyCPU' ">
    <Version>7.0</Version>
    <DCC_Define>DELPHI7;SSLV6;BK_UNITTESTINGON</DCC_Define>
    <DCC_SymbolReferenceInfo>2</DCC_SymbolReferenceInfo>
    <DCC_DcuOutput>..\..\DCU</DCC_DcuOutput>
    <DCC_ObjOutput>..\..\DCU</DCC_ObjOutput>
    <DCC_HppOutput>..\..\DCU</DCC_HppOutput>
    <DCC_BplOutput>..\Binaries</DCC_BplOutput>
    <DCC_DcpOutput>..\DCU</DCC_DcpOutput>
    <DCC_UnitSearchPath>C:\DCU;$(BDS)\RaveReports\Lib;C:\Program Files (x86)\Steema Software\TeeChart 2013 for Delphi 2007\Delphi11\Lib;$(BDS)\lib\Debug;$(BDS)\Lib\Debug\Indy10;..\..\Common;..\..\Common\Core;..\..\Common\Core\Download;..\..\Common\Database;..\..\Common\Lib;..\..\Common\BNotes;..\..\Common\BNotes\Database;..\..\Practice\Authority Forms;..\..\Practice\BASForm;..\..\Practice\Bconnect;..\..\Practice\Component;..\..\Practice\Extended MAPI;..\..\Practice\Extract;..\..\Practice\Forex;..\..\Practice\Graphs;..\..\Practice\Import;..\..\Practice\Lists;..\..\Practice\Orpheus;..\..\Practice\Printing;..\..\Practice\WebNotes;..\..\Practice\Leanengage;..\..\Practice\Win32;..\..\Practice\SimpleUI;..\..\Components\WPTools5\D2007;..\..\Components\TPerlRegEx;..\..\Bulk Export</DCC_UnitSearchPath>
    <DCC_ResourcePath>C:\DCU;$(BDS)\RaveReports\Lib;C:\Program Files (x86)\Steema Software\TeeChart 2013 for Delphi 2007\Delphi11\Lib;$(BDS)\lib\Debug;$(BDS)\Lib\Debug\Indy10;..\..\Common;..\..\Common\Core;..\..\Common\Core\Download;..\..\Common\Database;..\..\Common\Lib;..\..\Common\BNotes;..\..\Common\BNotes\Database;..\..\Practice\Authority Forms;..\..\Practice\BASForm;..\..\Practice\Bconnect;..\..\Practice\Component;..\..\Practice\Extended MAPI;..\..\Practice\Extract;..\..\Practice\Forex;..\..\Practice\Graphs;..\..\Practice\Import;..\..\Practice\Lists;..\..\Practice\Orpheus;..\..\Practice\Printing;..\..\Practice\WebNotes;..\..\Practice\Leanengage;..\..\Practice\Win32;..\..\Practice\SimpleUI;..\..\Components\WPTools5\D2007;..\..\Components\TPerlRegEx;..\..\Bulk Export</DCC_ResourcePath>
    <DCC_ObjPath>C:\DCU;$(BDS)\RaveReports\Lib;C:\Program Files (x86)\Steema Software\TeeChart 2013 for Delphi 2007\Delphi11\Lib;$(BDS)\lib\Debug;$(BDS)\Lib\Debug\Indy10;..\..\Common;..\..\Common\Core;..\..\Common\Core\Download;..\..\Common\Database;..\..\Common\Lib;..\..\Common\BNotes;..\..\Common\BNotes\Database;..\..\Practice\Authority Forms;..\..\Practice\BASForm;..\..\Practice\Bconnect;..\..\Practice\Component;..\..\Practice\Extended MAPI;..\..\Practice\Extract;..\..\Practice\Forex;..\..\Practice\Graphs;..\..\Practice\Import;..\..\Practice\Lists;..\..\Practice\Orpheus;..\..\Practice\Printing;..\..\Practice\WebNotes;..\..\Practice\Leanengage;..\..\Practice\Win32;..\..\Practice\SimpleUI;..\..\Components\WPTools5\D2007;..\..\Components\TPerlRegEx;..\..\Bulk Export</DCC_ObjPath>
    <DCC_IncludePath>C:\DCU;$(BDS)\RaveReports\Lib;C:\Program Files (x86)\Steema Software\TeeChart 2013 for Delphi 2007\Delphi11\Lib;$(BDS)\lib\Debug;$(BDS)\Lib\Debug\Indy10;..\..\Common;..\..\Common\Core;..\..\Common\Core\Download;..\..\Common\Database;..\..\Common\Lib;..\..\Common\BNotes;..\..\Common\BNotes\Database;..\..\Practice\Authority Forms;..\..\Practice\BASForm;..\..\Practice\Bconnect;..\..\Practice\Component;..\..\Practice\Extended MAPI;..\..\Practice\Extract;..\..\Practice\Forex;..\..\Practice\Graphs;..\..\Practice\Import;..\..\Practice\Lists;..\..\Practice\Orpheus;..\..\Practice\Printing;..\..\Practice\WebNotes;..\..\Practice\Leanengage;..\..\Practice\Win32;..\..\Practice\SimpleUI;..\..\Components\WPTools5\D2007;..\..\Components\TPerlRegEx;..\..\Bulk Export</DCC_IncludePath>
    <DCC_WriteableConstants>True</DCC_WriteableConstants>
    <DCC_IntegerOverflowCheck>True</DCC_IntegerOverflowCheck>
    <DCC_RangeChecking>True</DCC_RangeChecking>
    <DCC_StrictVarStrings>False</DCC_StrictVarStrings>
    <DCC_ConsoleTarget>True</DCC_ConsoleTarget>
    <DCC_MapFile>3</DCC_MapFile>
    <DCC_ExeOutput>C:\Testing\Practice Unit Tests</DCC_ExeOutput>
  </PropertyGroup>
  <ProjectExtensions>
    <Borland.Personality>Delphi.Personality</Borland.Personality>
    <Borland.ProjectType>VCLApplication</Borland.ProjectType>
    <BorlandProject>
<BorlandProject><Delphi.Personality><Parameters><Parameters Name="UseLauncher">False</Parameters><Parameters Name="LoadAllSymbols">True</Parameters><Parameters Name="LoadUnspecifiedSymbols">False</Parameters></Parameters><VersionInfo><VersionInfo Name="IncludeVerInfo">False</VersionInfo><VersionInfo Name="AutoIncBuild">False</VersionInfo><VersionInfo Name="MajorVer">1</VersionInfo><VersionInfo Name="MinorVer">0</VersionInfo><VersionInfo Name="Release">0</VersionInfo><VersionInfo Name="Build">0</VersionInfo><VersionInfo Name="Debug">False</VersionInfo><VersionInfo Name="PreRelease">False</VersionInfo><VersionInfo Name="Special">False</VersionInfo><VersionInfo Name="Private">False</VersionInfo><VersionInfo Name="DLL">False</VersionInfo><VersionInfo Name="Locale">5129</VersionInfo><VersionInfo Name="CodePage">1252</VersionInfo></VersionInfo><VersionInfoKeys><VersionInfoKeys Name="CompanyName"></VersionInfoKeys><VersionInfoKeys Name="FileDescription"></VersionInfoKeys><VersionInfoKeys Name="FileVersion">1.0.0.0</VersionInfoKeys><VersionInfoKeys Name="InternalName"></VersionInfoKeys><VersionInfoKeys Name="LegalCopyright"></VersionInfoKeys><VersionInfoKeys Name="LegalTrademarks"></VersionInfoKeys><VersionInfoKeys Name="OriginalFilename"></VersionInfoKeys><VersionInfoKeys Name="ProductName"></VersionInfoKeys><VersionInfoKeys Name="ProductVersion">1.0.0.0</VersionInfoKeys><VersionInfoKeys Name="Comments"></VersionInfoKeys></VersionInfoKeys><Excluded_Packages>
      <Excluded_Packages Name="$(BDS)\bin\dcloffice2k100.bpl">Microsoft Office 2000 Sample Automation Server Wrapper Components</Excluded_Packages>
    </Excluded_Packages><Source><Source Name="MainSource">bk5testconsole.dpr</Source></Source></Delphi.Personality></BorlandProject></BorlandProject>
  </ProjectExtensions>
  <Import Project="$(MSBuildBinPath)\Borland.Delphi.Targets" />
  <ItemGroup>
    <DelphiCompile Include="bk5testconsole.dpr">
      <MainSource>MainSource</MainSource>
    </DelphiCompile>
    <DCCReference Include="..\Tests\utAuditTrail.pas" />
    <DCCReference Include="..\Tests\utBGL360.pas" />
    <DCCReference Include="..\Tests\utBudget.pas" />
    <DCCReference Include="..\Tests\utBudgetImportExport.pas" />
    <DCCReference Include="..\Tests\utCashbookChartExport.pas" />
    <DCCReference Include="..\Tests\utFileExtensionUtils.pas" />
    <DCCReference Include="..\Tests\utGUIReportSchedule.pas" />
    <DCCReference Include="..\Tests\utInstitutionCol.pas" />
    <DCCReference Include="..\Tests\utMemorisationsObj.pas" />
    <DCCReference Include="..\Tests\UTmxUtils.pas" />
    <DCCReference Include="..\Tests\utMYOB.pas" />
    <DCCReference Include="..\Tests\utPayeeObj.pas" />
    <DCCReference Include="..\Tests\utPracticeLedger.pas" />
    <DCCReference Include="..\Tests\utSimpleFund360Bulk.pas" />
    <DCCReference Include="..\Tests\utSimpleFundX.pas" />
    <DCCReference Include="..\Tests\utSuggestedMems.pas" />
    <DCCReference Include="..\Tests\utToDo.pas" />
    <DCCReference Include="..\Tests\utTPRExtact.pas" />
    <DCCReference Include="..\Tests\utUpgrade.pas" />
    <DCCReference Include="..\Tests\utWebXOffice.pas" />
  </ItemGroup>
</Project>