<Project xmlns="http://schemas.microsoft.com/developer/msbuild/2003">
  <PropertyGroup>
    <ProjectGuid>{729e3f28-b124-4c00-a081-cc094fda7877}</ProjectGuid>
    <Configuration Condition=" '$(Configuration)' == '' ">Debug</Configuration>
    <Platform Condition=" '$(Platform)' == '' ">AnyCPU</Platform>
    <DCC_DCCCompiler>DCC32</DCC_DCCCompiler>
    <DCC_DependencyCheckOutputName>C:\Testing\Practice5.30Ledger_AU\TestRESTClientApp.exe</DCC_DependencyCheckOutputName>
    <MainSource>TestRESTClientApp.dpr</MainSource>
  </PropertyGroup>
  <PropertyGroup Condition=" '$(Configuration)|$(Platform)' == 'Release|AnyCPU' ">
    <Version>7.0</Version>
    <DCC_DebugInformation>False</DCC_DebugInformation>
    <DCC_LocalDebugSymbols>False</DCC_LocalDebugSymbols>
    <DCC_SymbolReferenceInfo>0</DCC_SymbolReferenceInfo>
    <DCC_Define>RELEASE</DCC_Define>
  </PropertyGroup>
  <PropertyGroup Condition=" '$(Configuration)|$(Platform)' == 'Debug|AnyCPU' ">
    <Version>7.0</Version>
    <DCC_Define>DEBUG</DCC_Define>
    <DCC_ExeOutput>C:\Testing\Practice5.30Ledger_AU</DCC_ExeOutput>
    <DCC_UnitSearchPath>C:\Users\Sinu.Sudhakaran\Desktop\EzyTuch\EzyComponents\jedi\jcl\lib\d11\debug;C:\IBO5_5_3\lib\d2007\Win32\Debug;C:\DCU;$(BDS)\lib\Debug;$(BDS)\Lib\Debug\Indy10;$(BDS)\RaveReports\Lib;$(COMMON);$(COMMON)\BNotes;$(COMMON)\BNotes\Database;$(COMMON)\Core;$(COMMON)\Core\Download;$(COMMON)\Database;$(COMMON)\Lib;Authority Forms\;BASForm\;Bconnect\;Component\;Extended MAPI\;Extract\;Forex\;Graphs\;Import\;Lists\;Orpheus\;WebNotes\;Printing\;Win32\;SimpleUI\;C:\Components\TPerlRegEx;..\Bulk Export;$(BDS)\Source\DUnit\src;LeanEngage\</DCC_UnitSearchPath>
    <DCC_ResourcePath>C:\Users\Sinu.Sudhakaran\Desktop\EzyTuch\EzyComponents\jedi\jcl\lib\d11\debug;C:\IBO5_5_3\lib\d2007\Win32\Debug;C:\DCU;$(BDS)\lib\Debug;$(BDS)\Lib\Debug\Indy10;$(BDS)\RaveReports\Lib;$(COMMON);$(COMMON)\BNotes;$(COMMON)\BNotes\Database;$(COMMON)\Core;$(COMMON)\Core\Download;$(COMMON)\Database;$(COMMON)\Lib;Authority Forms\;BASForm\;Bconnect\;Component\;Extended MAPI\;Extract\;Forex\;Graphs\;Import\;Lists\;Orpheus\;WebNotes\;Printing\;Win32\;SimpleUI\;C:\Components\TPerlRegEx;..\Bulk Export;$(BDS)\Source\DUnit\src;LeanEngage\</DCC_ResourcePath>
    <DCC_ObjPath>C:\Users\Sinu.Sudhakaran\Desktop\EzyTuch\EzyComponents\jedi\jcl\lib\d11\debug;C:\IBO5_5_3\lib\d2007\Win32\Debug;C:\DCU;$(BDS)\lib\Debug;$(BDS)\Lib\Debug\Indy10;$(BDS)\RaveReports\Lib;$(COMMON);$(COMMON)\BNotes;$(COMMON)\BNotes\Database;$(COMMON)\Core;$(COMMON)\Core\Download;$(COMMON)\Database;$(COMMON)\Lib;Authority Forms\;BASForm\;Bconnect\;Component\;Extended MAPI\;Extract\;Forex\;Graphs\;Import\;Lists\;Orpheus\;WebNotes\;Printing\;Win32\;SimpleUI\;C:\Components\TPerlRegEx;..\Bulk Export;$(BDS)\Source\DUnit\src;LeanEngage\</DCC_ObjPath>
    <DCC_IncludePath>C:\Users\Sinu.Sudhakaran\Desktop\EzyTuch\EzyComponents\jedi\jcl\lib\d11\debug;C:\IBO5_5_3\lib\d2007\Win32\Debug;C:\DCU;$(BDS)\lib\Debug;$(BDS)\Lib\Debug\Indy10;$(BDS)\RaveReports\Lib;$(COMMON);$(COMMON)\BNotes;$(COMMON)\BNotes\Database;$(COMMON)\Core;$(COMMON)\Core\Download;$(COMMON)\Database;$(COMMON)\Lib;Authority Forms\;BASForm\;Bconnect\;Component\;Extended MAPI\;Extract\;Forex\;Graphs\;Import\;Lists\;Orpheus\;WebNotes\;Printing\;Win32\;SimpleUI\;C:\Components\TPerlRegEx;..\Bulk Export;$(BDS)\Source\DUnit\src;LeanEngage\</DCC_IncludePath>
  </PropertyGroup>
  <ProjectExtensions>
    <Borland.Personality>Delphi.Personality</Borland.Personality>
    <Borland.ProjectType />
    <BorlandProject>
<BorlandProject><Delphi.Personality><Parameters><Parameters Name="UseLauncher">False</Parameters><Parameters Name="LoadAllSymbols">True</Parameters><Parameters Name="LoadUnspecifiedSymbols">False</Parameters></Parameters><VersionInfo><VersionInfo Name="IncludeVerInfo">False</VersionInfo><VersionInfo Name="AutoIncBuild">False</VersionInfo><VersionInfo Name="MajorVer">1</VersionInfo><VersionInfo Name="MinorVer">0</VersionInfo><VersionInfo Name="Release">0</VersionInfo><VersionInfo Name="Build">0</VersionInfo><VersionInfo Name="Debug">False</VersionInfo><VersionInfo Name="PreRelease">False</VersionInfo><VersionInfo Name="Special">False</VersionInfo><VersionInfo Name="Private">False</VersionInfo><VersionInfo Name="DLL">False</VersionInfo><VersionInfo Name="Locale">3081</VersionInfo><VersionInfo Name="CodePage">1252</VersionInfo></VersionInfo><VersionInfoKeys><VersionInfoKeys Name="CompanyName"></VersionInfoKeys><VersionInfoKeys Name="FileDescription"></VersionInfoKeys><VersionInfoKeys Name="FileVersion">1.0.0.0</VersionInfoKeys><VersionInfoKeys Name="InternalName"></VersionInfoKeys><VersionInfoKeys Name="LegalCopyright"></VersionInfoKeys><VersionInfoKeys Name="LegalTrademarks"></VersionInfoKeys><VersionInfoKeys Name="OriginalFilename"></VersionInfoKeys><VersionInfoKeys Name="ProductName"></VersionInfoKeys><VersionInfoKeys Name="ProductVersion">1.0.0.0</VersionInfoKeys><VersionInfoKeys Name="Comments"></VersionInfoKeys></VersionInfoKeys><Excluded_Packages>
      
      
      
      
      
      
      <Excluded_Packages Name="C:\MyApps\FastReports\FastReport 4\LibD11\dclfrxDBX11.bpl">File C:\MyApps\FastReports\FastReport 4\LibD11\dclfrxDBX11.bpl not found</Excluded_Packages>
      <Excluded_Packages Name="$(BDS)\bin\dcloffice2k100.bpl">Microsoft Office 2000 Sample Automation Server Wrapper Components</Excluded_Packages>
      <Excluded_Packages Name="$(BDS)\bin\dclofficexp100.bpl">Microsoft Office XP Sample Automation Server Wrapper Components</Excluded_Packages>
    </Excluded_Packages><Source><Source Name="MainSource">TestRESTClientApp.dpr</Source></Source></Delphi.Personality></BorlandProject></BorlandProject>
  </ProjectExtensions>
  <Import Project="$(MSBuildBinPath)\Borland.Delphi.Targets" />
  <ItemGroup>
    <DelphiCompile Include="TestRESTClientApp.dpr">
      <MainSource>MainSource</MainSource>
    </DelphiCompile>
    <DCCReference Include="BaseRESTClient.pas" />
    <DCCReference Include="UFrmTestRESTClient.pas">
      <Form>Form4</Form>
    </DCCReference>
  </ItemGroup>
</Project>