<Project xmlns="http://schemas.microsoft.com/developer/msbuild/2003">
  <PropertyGroup>
    <ProjectGuid>{63ea0447-c392-4aea-bc91-dc7acd5d91a4}</ProjectGuid>
    <MainSource>BBE_Praemium.dpr</MainSource>
    <Configuration Condition=" '$(Configuration)' == '' ">Release</Configuration>
    <Platform Condition=" '$(Platform)' == '' ">AnyCPU</Platform>
    <DCC_DCCCompiler>DCC32</DCC_DCCCompiler>
    <DCC_DependencyCheckOutputName>..\Binaries\BBE_Praemium.dll</DCC_DependencyCheckOutputName>
  </PropertyGroup>
  <PropertyGroup Condition=" '$(Configuration)|$(Platform)' == 'Release|AnyCPU' ">
    <Version>7.0</Version>
    <DCC_DebugInformation>False</DCC_DebugInformation>
    <DCC_LocalDebugSymbols>False</DCC_LocalDebugSymbols>
    <DCC_SymbolReferenceInfo>0</DCC_SymbolReferenceInfo>
    <DCC_Define>RELEASE</DCC_Define>
    <DCC_ExeOutput>..\Binaries</DCC_ExeOutput>
    <DCC_DcuOutput>..\DCU</DCC_DcuOutput>
    <DCC_ObjOutput>..\DCU</DCC_ObjOutput>
    <DCC_HppOutput>..\DCU</DCC_HppOutput>
    <DCC_BplOutput>..\Binaries</DCC_BplOutput>
    <DCC_DcpOutput>..\DCU</DCC_DcpOutput>
    <DCC_UnitSearchPath>..\Common\Lib</DCC_UnitSearchPath>
    <DCC_ResourcePath>..\Common\Lib</DCC_ResourcePath>
    <DCC_ObjPath>..\Common\Lib</DCC_ObjPath>
    <DCC_IncludePath>..\Common\Lib</DCC_IncludePath>
  </PropertyGroup>
  <PropertyGroup Condition=" '$(Configuration)|$(Platform)' == 'Debug|AnyCPU' ">
    <Version>7.0</Version>
    <DCC_Define>DEBUG</DCC_Define>
    <DCC_ExeOutput>..\Binaries</DCC_ExeOutput>
    <DCC_DcuOutput>..\DCU</DCC_DcuOutput>
    <DCC_ObjOutput>..\DCU</DCC_ObjOutput>
    <DCC_HppOutput>..\DCU</DCC_HppOutput>
    <DCC_BplOutput>..\Binaries</DCC_BplOutput>
    <DCC_DcpOutput>..\DCU</DCC_DcpOutput>
    <DCC_UnitSearchPath>..\Common\Lib</DCC_UnitSearchPath>
    <DCC_ResourcePath>..\Common\Lib</DCC_ResourcePath>
    <DCC_ObjPath>..\Common\Lib</DCC_ObjPath>
    <DCC_IncludePath>..\Common\Lib</DCC_IncludePath>
  </PropertyGroup>
  <ProjectExtensions>
    <Borland.Personality>Delphi.Personality</Borland.Personality>
    <Borland.ProjectType>VCLApplication</Borland.ProjectType>
    <BorlandProject>
<BorlandProject><Delphi.Personality><Parameters><Parameters Name="UseLauncher">False</Parameters><Parameters Name="LoadAllSymbols">True</Parameters><Parameters Name="LoadUnspecifiedSymbols">False</Parameters></Parameters><VersionInfo><VersionInfo Name="IncludeVerInfo">True</VersionInfo><VersionInfo Name="AutoIncBuild">True</VersionInfo><VersionInfo Name="MajorVer">1</VersionInfo><VersionInfo Name="MinorVer">0</VersionInfo><VersionInfo Name="Release">2</VersionInfo><VersionInfo Name="Build">27</VersionInfo><VersionInfo Name="Debug">False</VersionInfo><VersionInfo Name="PreRelease">False</VersionInfo><VersionInfo Name="Special">False</VersionInfo><VersionInfo Name="Private">False</VersionInfo><VersionInfo Name="DLL">True</VersionInfo><VersionInfo Name="Locale">5129</VersionInfo><VersionInfo Name="CodePage">1252</VersionInfo></VersionInfo><VersionInfoKeys><VersionInfoKeys Name="CompanyName">BankLink</VersionInfoKeys><VersionInfoKeys Name="FileDescription">BankLink Bulk Extract to Praemium</VersionInfoKeys><VersionInfoKeys Name="FileVersion">1.0.2.27</VersionInfoKeys><VersionInfoKeys Name="InternalName"></VersionInfoKeys><VersionInfoKeys Name="LegalCopyright">BankLink 2009</VersionInfoKeys><VersionInfoKeys Name="LegalTrademarks"></VersionInfoKeys><VersionInfoKeys Name="OriginalFilename"></VersionInfoKeys><VersionInfoKeys Name="ProductName"></VersionInfoKeys><VersionInfoKeys Name="ProductVersion">1.0.2.</VersionInfoKeys><VersionInfoKeys Name="Comments"></VersionInfoKeys></VersionInfoKeys><Excluded_Packages>
      <Excluded_Packages Name="$(BDS)\bin\bcboffice2k100.bpl">CodeGear C++Builder Office 2000 Servers Package</Excluded_Packages>
      <Excluded_Packages Name="$(BDS)\bin\bcbofficexp100.bpl">CodeGear C++Builder Office XP Servers Package</Excluded_Packages>
      <Excluded_Packages Name="$(BDS)\bin\dcloffice2k100.bpl">Microsoft Office 2000 Sample Automation Server Wrapper Components</Excluded_Packages>
      <Excluded_Packages Name="$(BDS)\bin\dclofficexp100.bpl">Microsoft Office XP Sample Automation Server Wrapper Components</Excluded_Packages>
    </Excluded_Packages><Source><Source Name="MainSource">BBE_Praemium.dpr</Source></Source></Delphi.Personality></BorlandProject></BorlandProject>
  </ProjectExtensions>
  <Import Project="$(MSBuildBinPath)\Borland.Delphi.Targets" />
  <ItemGroup>
    <DelphiCompile Include="BBE_Praemium.dpr">
      <MainSource>MainSource</MainSource>
    </DelphiCompile>
    <DCCReference Include="..\Common\Lib\ExtractCommon.pas" />
    <DCCReference Include="ExtractHelpers.pas" />
    <DCCReference Include="ExtractPraemium.pas" />
    <DCCReference Include="frmPraemiumConfig.pas">
      <Form>PraemiumConfig</Form>
    </DCCReference>
  </ItemGroup>
</Project>